
Microsoft Visual Studio Solution File, Format Version 12.00
# Visual Studio Version 16
VisualStudioVersion = 16.0.29519.87
MinimumVisualStudioVersion = 10.0.40219.1
Project("{FAE04EC0-301F-11D3-BF4B-00C04F79EFBC}") = "Update", "Update\Update.csproj", "{76E5F9BF-E273-4226-B523-81D36CB7792B}"
EndProject
Global
	GlobalSection(SolutionConfigurationPlatforms) = preSolution
		Debug|Any CPU = Debug|Any CPU
		Release|Any CPU = Release|Any CPU
	EndGlobalSection
	GlobalSection(ProjectConfigurationPlatforms) = postSolution
		{76E5F9BF-E273-4226-B523-81D36CB7792B}.Debug|Any CPU.ActiveCfg = Debug|Any CPU
		{76E5F9BF-E273-4226-B523-81D36CB7792B}.Debug|Any CPU.Build.0 = Debug|Any CPU
		{76E5F9BF-E273-4226-B523-81D36CB7792B}.Release|Any CPU.ActiveCfg = Release|Any CPU
		{76E5F9BF-E273-4226-B523-81D36CB7792B}.Release|Any CPU.Build.0 = Release|Any CPU
	EndGlobalSection
	GlobalSection(SolutionProperties) = preSolution
		HideSolutionNode = FALSE
	EndGlobalSection
	GlobalSection(ExtensibilityGlobals) = postSolution
		SolutionGuid = {F5373480-0E98-4FD4-AECE-1343A4DBA463}
	EndGlobalSection
EndGlobal
